version = 1
revision = 3
requires-python = ">=3.14"

[[package]]
name = "asgiref"
version = "3.11.1"
source = { registry = "https://pypi.org/simple" }
sdist = { url = "https://files.pythonhosted.org/packages/63/40/f03da1264ae8f7cfdbf9146542e5e7e8100a4c66ab48e791df9a03d3f6c0/asgiref-3.11.1.tar.gz", hash = "sha256:5f184dc43b7e763efe848065441eac62229c9f7b0475f41f80e207a114eda4ce", size = 38550, upload-time = "2026-02-03T13:30:14.33Z" }
wheels = [
    { url = "https://files.pythonhosted.org/packages/5c/0a/a72d10ed65068e115044937873362e6e32fab1b7dce0046aeb224682c989/asgiref-3.11.1-py3-none-any.whl", hash = "sha256:e8667a091e69529631969fd45dc268fa79b99c92c5fcdda727757e52146ec133", size = 24345, upload-time = "2026-02-03T13:30:13.039Z" },
]

[[package]]
name = "boto"
version = "2.49.0"
source = { registry = "https://pypi.org/simple" }
sdist = { url = "https://files.pythonhosted.org/packages/c8/af/54a920ff4255664f5d238b5aebd8eedf7a07c7a5e71e27afcfe840b82f51/boto-2.49.0.tar.gz", hash = "sha256:ea0d3b40a2d852767be77ca343b58a9e3a4b00d9db440efb8da74b4e58025e5a", size = 1478498, upload-time = "2018-07-11T20:58:58.057Z" }
wheels = [
    { url = "https://files.pythonhosted.org/packages/23/10/c0b78c27298029e4454a472a1919bde20cb182dab1662cec7f2ca1dcc523/boto-2.49.0-py2.py3-none-any.whl", hash = "sha256:147758d41ae7240dc989f0039f27da8ca0d53734be0eb869ef16e3adcfa462e8", size = 1359202, upload-time = "2018-07-11T20:58:55.711Z" },
]

[[package]]
name = "django"
version = "6.0.6"
source = { registry = "https://pypi.org/simple" }
dependencies = [
    { name = "asgiref" },
    { name = "sqlparse" },
    { name = "tzdata", marker = "sys_platform == 'win32'" },
]
sdist = { url = "https://files.pythonhosted.org/packages/78/29/ac41e16097af67066d97a7d5775c5d8e7efc5d0284f6b0a159e07b9adb92/django-6.0.6.tar.gz", hash = "sha256:ad03916ba59523d781ae5c3f631960c23d69a9d9c43cecda52fc23b47e953713", size = 10905525, upload-time = "2026-06-03T13:02:46.503Z" }
wheels = [
    { url = "https://files.pythonhosted.org/packages/eb/50/23f9dc45483419a3cc2085b498b25adfbf10642b2941c73e6d2dfaffc9ab/django-6.0.6-py3-none-any.whl", hash = "sha256:25148b1194c47c2e685e5f5e9c5d59c78b075dfd282cb9618861ba6c1708f4d2", size = 8373354, upload-time = "2026-06-03T13:02:41.72Z" },
]

[[package]]
name = "gpay-split"
version = "0.1.0"
source = { virtual = "." }
dependencies = [
    { name = "django" },
    { name = "mysqlclient" },
    { name = "splits" },
    { name = "transaction" },
]

[package.metadata]
requires-dist = [
    { name = "django", specifier = ">=6.0.6" },
    { name = "mysqlclient", specifier = ">=2.2.8" },
    { name = "splits", specifier = ">=0.1.9" },
    { name = "transaction", specifier = ">=5.1" },
]

[[package]]
name = "mysqlclient"
version = "2.2.8"
source = { registry = "https://pypi.org/simple" }
sdist = { url = "https://files.pythonhosted.org/packages/eb/b0/9df076488cb2e536d40ce6dbd4273c1f20a386e31ffe6e7cb613902b3c2a/mysqlclient-2.2.8.tar.gz", hash = "sha256:8ed20c5615a915da451bb308c7d0306648a4fd9a2809ba95c992690006306199", size = 92287, upload-time = "2026-02-10T10:58:37.405Z" }
wheels = [
    { url = "https://files.pythonhosted.org/packages/42/44/6ae21b4e8490eb5167d04fa7452c462ffd72a502b96bf531477ef044a380/mysqlclient-2.2.8-cp314-cp314-win_amd64.whl", hash = "sha256:9bed7c8d3b629bdc09e17fb628d5b3b0a5fd1f12b09432b464b9126c727bedc0", size = 211644, upload-time = "2026-02-10T10:58:45.022Z" },
    { url = "https://files.pythonhosted.org/packages/66/e5/037d55623be9f681236e04abe12e1290847c06bd48270c3f19ac33493cbf/mysqlclient-2.2.8-cp314-cp314t-win_amd64.whl", hash = "sha256:260cce0e81446c83bf0a389e0fae38d68547d9f8fc0833bc733014e10ce28a99", size = 213067, upload-time = "2026-02-10T10:58:43.389Z" },
]

[[package]]
name = "nose"
version = "1.3.7"
source = { registry = "https://pypi.org/simple" }
sdist = { url = "https://files.pythonhosted.org/packages/58/a5/0dc93c3ec33f4e281849523a5a913fa1eea9a3068acfa754d44d88107a44/nose-1.3.7.tar.gz", hash = "sha256:f1bffef9cbc82628f6e7d7b40d7e255aefaa1adb6a1b1d26c69a8b79e6208a98", size = 280488, upload-time = "2015-06-02T09:12:32.961Z" }
wheels = [
    { url = "https://files.pythonhosted.org/packages/15/d8/dd071918c040f50fa1cf80da16423af51ff8ce4a0f2399b7bf8de45ac3d9/nose-1.3.7-py3-none-any.whl", hash = "sha256:9ff7c6cc443f8c51994b34a667bbcf45afd6d945be7477b52e97516fd17c53ac", size = 154731, upload-time = "2015-06-02T09:12:40.57Z" },
]

[[package]]
name = "splits"
version = "0.1.9"
source = { registry = "https://pypi.org/simple" }
dependencies = [
    { name = "boto" },
    { name = "nose" },
]
sdist = { url = "https://files.pythonhosted.org/packages/5d/81/bc07f052628e2a035ab2b3dae55bb9cb15cf0d9cfde83936cbd504a1e977/splits-0.1.9.tar.gz", hash = "sha256:0d599bdf25482d0a9cb8a5b095542fe3cdf2c4bc8bd13e8ef3cb2b83f7e36678", size = 5479, upload-time = "2018-05-21T20:08:04.176Z" }

[[package]]
name = "sqlparse"
version = "0.5.5"
source = { registry = "https://pypi.org/simple" }
sdist = { url = "https://files.pythonhosted.org/packages/90/76/437d71068094df0726366574cf3432a4ed754217b436eb7429415cf2d480/sqlparse-0.5.5.tar.gz", hash = "sha256:e20d4a9b0b8585fdf63b10d30066c7c94c5d7a7ec47c889a2d83a3caa93ff28e", size = 120815, upload-time = "2025-12-19T07:17:45.073Z" }
wheels = [
    { url = "https://files.pythonhosted.org/packages/49/4b/359f28a903c13438ef59ebeee215fb25da53066db67b305c125f1c6d2a25/sqlparse-0.5.5-py3-none-any.whl", hash = "sha256:12a08b3bf3eec877c519589833aed092e2444e68240a3577e8e26148acc7b1ba", size = 46138, upload-time = "2025-12-19T07:17:46.573Z" },
]

[[package]]
name = "transaction"
version = "5.1"
source = { registry = "https://pypi.org/simple" }
dependencies = [
    { name = "zope-interface" },
]
sdist = { url = "https://files.pythonhosted.org/packages/0e/d9/df20286b7d3073d1b26e5267ffc43fc07e90550b7d2d71d2cc7c1ca8852a/transaction-5.1.tar.gz", hash = "sha256:f6ca8639a3e54f6991de0d9c0983a7cd91acb21a825cb544c168269be956bd41", size = 70013, upload-time = "2026-03-17T07:47:00.54Z" }
wheels = [
    { url = "https://files.pythonhosted.org/packages/53/c4/6fc6a256e4873fdc1daf34fb6a6ff4d7f9dac49505a7004f5cac3a485cfc/transaction-5.1-py3-none-any.whl", hash = "sha256:05aa77c4543cec8b541565ad8b304857490878605ed727851bc5a531b9060789", size = 46386, upload-time = "2026-03-17T07:46:59.05Z" },
]

[[package]]
name = "tzdata"
version = "2026.2"
source = { registry = "https://pypi.org/simple" }
sdist = { url = "https://files.pythonhosted.org/packages/ba/19/1b9b0e29f30c6d35cb345486df41110984ea67ae69dddbc0e8a100999493/tzdata-2026.2.tar.gz", hash = "sha256:9173fde7d80d9018e02a662e168e5a2d04f87c41ea174b139fbef642eda62d10", size = 198254, upload-time = "2026-04-24T15:22:08.651Z" }
wheels = [
    { url = "https://files.pythonhosted.org/packages/ce/e4/dccd7f47c4b64213ac01ef921a1337ee6e30e8c6466046018326977efd95/tzdata-2026.2-py2.py3-none-any.whl", hash = "sha256:bbe9af844f658da81a5f95019480da3a89415801f6cc966806612cc7169bffe7", size = 349321, upload-time = "2026-04-24T15:22:05.876Z" },
]

[[package]]
name = "zope-interface"
version = "8.5"
source = { registry = "https://pypi.org/simple" }
sdist = { url = "https://files.pythonhosted.org/packages/08/dc/50550cfcbb2ea3cbca5f1d7ed05c8aa840f831a0f2d63aec0a953f7c590e/zope_interface-8.5.tar.gz", hash = "sha256:7a3ba1c5877f0f3e3906b02ddf793abed2becc2948116414ce0e1dd820b68d6d", size = 257957, upload-time = "2026-05-26T06:50:14.574Z" }
wheels = [
    { url = "https://files.pythonhosted.org/packages/d4/19/5032e954827fdf02db2d2f49737ac4378bb9cfc2cd95a8f2e2a5ae2ec01a/zope_interface-8.5-cp314-cp314-macosx_10_9_x86_64.whl", hash = "sha256:ffaecf013251a89d0de6feb49a46eba48ad8cbbf8a40aeb6045e459e7bec6784", size = 212597, upload-time = "2026-05-26T06:49:51.63Z" },
    { url = "https://files.pythonhosted.org/packages/f1/53/3ef644012cf8a6a234a2d6134aab5a5c65ac5467c86296865501d4fbc406/zope_interface-8.5-cp314-cp314-macosx_11_0_arm64.whl", hash = "sha256:126fa9d1c52295ae076d4cf968634f0a1826afa408a20808b57ff72877b8f69f", size = 212626, upload-time = "2026-05-26T06:49:53.236Z" },
    { url = "https://files.pythonhosted.org/packages/32/67/bc8b4f465d388039255003e230c284a175cedf1203c692f23cb7bff64efe/zope_interface-8.5-cp314-cp314-manylinux1_i686.manylinux2014_i686.manylinux_2_17_i686.manylinux_2_5_i686.whl", hash = "sha256:3090e3a663d20194756a59a272e0c8508b889341e31d5894223331fe6b4f9b21", size = 266827, upload-time = "2026-05-26T06:49:54.873Z" },
    { url = "https://files.pythonhosted.org/packages/a7/eb/37d05b935ede53d79690fecc8d201440084418e590bcfc05f384451c7593/zope_interface-8.5-cp314-cp314-manylinux1_x86_64.manylinux2014_x86_64.manylinux_2_17_x86_64.manylinux_2_5_x86_64.whl", hash = "sha256:9342fb74e2afefdb081bf1df727d209ea56995c6e13f5a0540e6d7aff4beafb8", size = 270139, upload-time = "2026-05-26T06:49:57.116Z" },
    { url = "https://files.pythonhosted.org/packages/8b/0b/fd0c54579e2ce8dc6cf1a757903f3374bc6fbda929a46af9e0f53cb0e5f0/zope_interface-8.5-cp314-cp314-manylinux2014_aarch64.manylinux_2_17_aarch64.whl", hash = "sha256:6c54725d818f1b57a7efb8b16528326e1f3c257b602b32393fd255c45af8799d", size = 270338, upload-time = "2026-05-26T06:49:58.698Z" },
    { url = "https://files.pythonhosted.org/packages/c1/1d/c420dcd777bb761067ea92879ac766694a5ca78608185f1aecea64cbfc11/zope_interface-8.5-cp314-cp314-win_amd64.whl", hash = "sha256:29d74febbae1afeb6834c4ccbf42e242a673c860060f09e53142825270456140", size = 215789, upload-time = "2026-05-26T06:50:00.405Z" },
    { url = "https://files.pythonhosted.org/packages/62/94/50b5eb8f94e527edceac14f9955e58917424ea79bb572ddc18548561cbc2/zope_interface-8.5-cp314-cp314-win_arm64.whl", hash = "sha256:633c8c49396f38df030340797c533e9fe460d1b5d1e42d88e55e938e525f548c", size = 213757, upload-time = "2026-05-26T06:50:01.973Z" },
    { url = "https://files.pythonhosted.org/packages/17/6f/5d5f32c4dfcdb16ce2ec5363da686840f13c13e1a1214cb70b49e1cd6d9f/zope_interface-8.5-cp314-cp314t-macosx_10_9_x86_64.whl", hash = "sha256:133999820fdbae513c36c03d6f29ef87317aaa3edef39112222b155083664714", size = 213591, upload-time = "2026-05-26T06:50:03.529Z" },
    { url = "https://files.pythonhosted.org/packages/f3/55/de0c3459ff717fce3342f9a29464c281fdeb0d36c3171ee88d119d5f0650/zope_interface-8.5-cp314-cp314t-macosx_11_0_arm64.whl", hash = "sha256:8bd75c96966e573232f0599deaff717564828031c7f05563ccc1ac35c5ee0304", size = 213733, upload-time = "2026-05-26T06:50:05.101Z" },
    { url = "https://files.pythonhosted.org/packages/c2/95/d97430abd5ae9677e8b9295b58720c0064a5b557dbb6b8bf5928484cf0d8/zope_interface-8.5-cp314-cp314t-manylinux1_i686.manylinux2014_i686.manylinux_2_17_i686.manylinux_2_5_i686.whl", hash = "sha256:14b0e9799351d4c34fe99afd67f0cdd76e55ba15c66a98699d5fc22ea8241e08", size = 294905, upload-time = "2026-05-26T06:50:07.384Z" },
    { url = "https://files.pythonhosted.org/packages/41/ec/a0f8f3dad6e74992f4654bdd94802be0929eabca7b871cac3b6fbb5e961b/zope_interface-8.5-cp314-cp314t-manylinux1_x86_64.manylinux2014_x86_64.manylinux_2_17_x86_64.manylinux_2_5_x86_64.whl", hash = "sha256:0cd6a732ac84b94eb1ef9222a117347a27efd294ee16810ffdf7ecd307677ed5", size = 300885, upload-time = "2026-05-26T06:50:08.997Z" },
    { url = "https://files.pythonhosted.org/packages/0f/da/6881b48803a0ee8d23eb5efa30fce3ed218a2bd9de5758ce489d224fee81/zope_interface-8.5-cp314-cp314t-manylinux2014_aarch64.manylinux_2_17_aarch64.whl", hash = "sha256:798b7c87d0e59a7d5d086d642208d0d8700ff0d55c4029134b3c479c3bfb110f", size = 304672, upload-time = "2026-05-26T06:50:10.563Z" },
    { url = "https://files.pythonhosted.org/packages/2e/0e/b4c01320859ff1d585438bc231fd60bd258d096359bccf6654fecdf0cffb/zope_interface-8.5-cp314-cp314t-win_amd64.whl", hash = "sha256:0fc3a9d45f114d27eaa1e53beeb144533689edca8a9f66505b1e8e8b3f075e42", size = 217241, upload-time = "2026-05-26T06:50:12.171Z" },
]
